
Microsoft Visual Studio Solution File, Format Version 12.00
# Visual Studio 15
VisualStudioVersion = 15.0.28307.106
MinimumVisualStudioVersion = 10.0.40219.1
Project("{8BC9CEB8-8B4A-11D0-8D11-00A0C91BC942}") = "Kolokvijum2016", "Kolokvijum2016\Kolokvijum2016.vcxproj", "{08F9015C-4A58-4A0C-84C9-EF51D72652E2}"
EndProject
Global
	GlobalSection(SolutionConfigurationPlatforms) = preSolution
		Debug|x64 = Debug|x64
		Debug|x86 = Debug|x86
		Release|x64 = Release|x64
		Release|x86 = Release|x86
	EndGlobalSection
	GlobalSection(ProjectConfigurationPlatforms) = postSolution
		{08F9015C-4A58-4A0C-84C9-EF51D72652E2}.Debug|x64.ActiveCfg = Debug|x64
		{08F9015C-4A58-4A0C-84C9-EF51D72652E2}.Debug|x64.Build.0 = Debug|x64
		{08F9015C-4A58-4A0C-84C9-EF51D72652E2}.Debug|x86.ActiveCfg = Debug|Win32
		{08F9015C-4A58-4A0C-84C9-EF51D72652E2}.Debug|x86.Build.0 = Debug|Win32
		{08F9015C-4A58-4A0C-84C9-EF51D72652E2}.Release|x64.ActiveCfg = Release|x64
		{08F9015C-4A58-4A0C-84C9-EF51D72652E2}.Release|x64.Build.0 = Release|x64
		{08F9015C-4A58-4A0C-84C9-EF51D72652E2}.Release|x86.ActiveCfg = Release|Win32
		{08F9015C-4A58-4A0C-84C9-EF51D72652E2}.Release|x86.Build.0 = Release|Win32
	EndGlobalSection
	GlobalSection(SolutionProperties) = preSolution
		HideSolutionNode = FALSE
	EndGlobalSection
	GlobalSection(ExtensibilityGlobals) = postSolution
		SolutionGuid = {A5AF5FC4-23BA-42AB-B30B-DF93B9467FBE}
	EndGlobalSection
EndGlobal
